
Microsoft Visual Studio Solution File, Format Version 12.00
# Visual Studio 15
VisualStudioVersion = 15.0.26124.0
MinimumVisualStudioVersion = 15.0.26124.0
Project("{2150E333-8FDC-42A3-9474-1A3956D46DE8}") = "Client", "Client", "{79C33C60-D530-4ECB-8355-E99B5B2439D8}"
EndProject
Project("{2150E333-8FDC-42A3-9474-1A3956D46DE8}") = "src", "src", "{1148EED9-0FCD-4329-BC22-2FE4E86151A9}"
EndProject
Project("{F2A71F9B-5D33-465A-A702-920D77279786}") = "Main", "Client\src\Main\Main.fsproj", "{9C066754-0A57-41E9-B61A-30760BA10F30}"
EndProject
Project("{F2A71F9B-5D33-465A-A702-920D77279786}") = "Grains", "Grains\Grains.fsproj", "{3A21959E-706E-43AB-B0F2-D0093F9E44ED}"
EndProject
Project("{F2A71F9B-5D33-465A-A702-920D77279786}") = "Interfaces", "Interfaces\Interfaces.fsproj", "{80912D9B-8213-4971-8562-7AAC7C748851}"
EndProject
Project("{F2A71F9B-5D33-465A-A702-920D77279786}") = "SiloHost", "Silo.Host\SiloHost.fsproj", "{D7EFFD2C-5438-40AD-9F23-983DAFED544C}"
EndProject
Project("{F2A71F9B-5D33-465A-A702-920D77279786}") = "Server", "Server\Server.fsproj", "{A90C1FF7-0F48-473E-94B5-A40C1DA984ED}"
EndProject
Project("{F2A71F9B-5D33-465A-A702-920D77279786}") = "Renderer", "Client\src\Renderer\Renderer.fsproj", "{266CB8ED-7E91-484A-BB0D-2CF5CF1D4573}"
EndProject
Global
	GlobalSection(SolutionConfigurationPlatforms) = preSolution
		Debug|Any CPU = Debug|Any CPU
		Debug|x64 = Debug|x64
		Debug|x86 = Debug|x86
		Release|Any CPU = Release|Any CPU
		Release|x64 = Release|x64
		Release|x86 = Release|x86
	EndGlobalSection
	GlobalSection(SolutionProperties) = preSolution
		HideSolutionNode = FALSE
	EndGlobalSection
	GlobalSection(ProjectConfigurationPlatforms) = postSolution
		{9C066754-0A57-41E9-B61A-30760BA10F30}.Debug|Any CPU.ActiveCfg = Debug|Any CPU
		{9C066754-0A57-41E9-B61A-30760BA10F30}.Debug|Any CPU.Build.0 = Debug|Any CPU
		{9C066754-0A57-41E9-B61A-30760BA10F30}.Debug|x64.ActiveCfg = Debug|Any CPU
		{9C066754-0A57-41E9-B61A-30760BA10F30}.Debug|x64.Build.0 = Debug|Any CPU
		{9C066754-0A57-41E9-B61A-30760BA10F30}.Debug|x86.ActiveCfg = Debug|Any CPU
		{9C066754-0A57-41E9-B61A-30760BA10F30}.Debug|x86.Build.0 = Debug|Any CPU
		{9C066754-0A57-41E9-B61A-30760BA10F30}.Release|Any CPU.ActiveCfg = Release|Any CPU
		{9C066754-0A57-41E9-B61A-30760BA10F30}.Release|Any CPU.Build.0 = Release|Any CPU
		{9C066754-0A57-41E9-B61A-30760BA10F30}.Release|x64.ActiveCfg = Release|Any CPU
		{9C066754-0A57-41E9-B61A-30760BA10F30}.Release|x64.Build.0 = Release|Any CPU
		{9C066754-0A57-41E9-B61A-30760BA10F30}.Release|x86.ActiveCfg = Release|Any CPU
		{9C066754-0A57-41E9-B61A-30760BA10F30}.Release|x86.Build.0 = Release|Any CPU
		{3A21959E-706E-43AB-B0F2-D0093F9E44ED}.Debug|Any CPU.ActiveCfg = Debug|Any CPU
		{3A21959E-706E-43AB-B0F2-D0093F9E44ED}.Debug|Any CPU.Build.0 = Debug|Any CPU
		{3A21959E-706E-43AB-B0F2-D0093F9E44ED}.Debug|x64.ActiveCfg = Debug|Any CPU
		{3A21959E-706E-43AB-B0F2-D0093F9E44ED}.Debug|x64.Build.0 = Debug|Any CPU
		{3A21959E-706E-43AB-B0F2-D0093F9E44ED}.Debug|x86.ActiveCfg = Debug|Any CPU
		{3A21959E-706E-43AB-B0F2-D0093F9E44ED}.Debug|x86.Build.0 = Debug|Any CPU
		{3A21959E-706E-43AB-B0F2-D0093F9E44ED}.Release|Any CPU.ActiveCfg = Release|Any CPU
		{3A21959E-706E-43AB-B0F2-D0093F9E44ED}.Release|Any CPU.Build.0 = Release|Any CPU
		{3A21959E-706E-43AB-B0F2-D0093F9E44ED}.Release|x64.ActiveCfg = Release|Any CPU
		{3A21959E-706E-43AB-B0F2-D0093F9E44ED}.Release|x64.Build.0 = Release|Any CPU
		{3A21959E-706E-43AB-B0F2-D0093F9E44ED}.Release|x86.ActiveCfg = Release|Any CPU
		{3A21959E-706E-43AB-B0F2-D0093F9E44ED}.Release|x86.Build.0 = Release|Any CPU
		{80912D9B-8213-4971-8562-7AAC7C748851}.Debug|Any CPU.ActiveCfg = Debug|Any CPU
		{80912D9B-8213-4971-8562-7AAC7C748851}.Debug|Any CPU.Build.0 = Debug|Any CPU
		{80912D9B-8213-4971-8562-7AAC7C748851}.Debug|x64.ActiveCfg = Debug|Any CPU
		{80912D9B-8213-4971-8562-7AAC7C748851}.Debug|x64.Build.0 = Debug|Any CPU
		{80912D9B-8213-4971-8562-7AAC7C748851}.Debug|x86.ActiveCfg = Debug|Any CPU
		{80912D9B-8213-4971-8562-7AAC7C748851}.Debug|x86.Build.0 = Debug|Any CPU
		{80912D9B-8213-4971-8562-7AAC7C748851}.Release|Any CPU.ActiveCfg = Release|Any CPU
		{80912D9B-8213-4971-8562-7AAC7C748851}.Release|Any CPU.Build.0 = Release|Any CPU
		{80912D9B-8213-4971-8562-7AAC7C748851}.Release|x64.ActiveCfg = Release|Any CPU
		{80912D9B-8213-4971-8562-7AAC7C748851}.Release|x64.Build.0 = Release|Any CPU
		{80912D9B-8213-4971-8562-7AAC7C748851}.Release|x86.ActiveCfg = Release|Any CPU
		{80912D9B-8213-4971-8562-7AAC7C748851}.Release|x86.Build.0 = Release|Any CPU
		{D7EFFD2C-5438-40AD-9F23-983DAFED544C}.Debug|Any CPU.ActiveCfg = Debug|Any CPU
		{D7EFFD2C-5438-40AD-9F23-983DAFED544C}.Debug|Any CPU.Build.0 = Debug|Any CPU
		{D7EFFD2C-5438-40AD-9F23-983DAFED544C}.Debug|x64.ActiveCfg = Debug|Any CPU
		{D7EFFD2C-5438-40AD-9F23-983DAFED544C}.Debug|x64.Build.0 = Debug|Any CPU
		{D7EFFD2C-5438-40AD-9F23-983DAFED544C}.Debug|x86.ActiveCfg = Debug|Any CPU
		{D7EFFD2C-5438-40AD-9F23-983DAFED544C}.Debug|x86.Build.0 = Debug|Any CPU
		{D7EFFD2C-5438-40AD-9F23-983DAFED544C}.Release|Any CPU.ActiveCfg = Release|Any CPU
		{D7EFFD2C-5438-40AD-9F23-983DAFED544C}.Release|Any CPU.Build.0 = Release|Any CPU
		{D7EFFD2C-5438-40AD-9F23-983DAFED544C}.Release|x64.ActiveCfg = Release|Any CPU
		{D7EFFD2C-5438-40AD-9F23-983DAFED544C}.Release|x64.Build.0 = Release|Any CPU
		{D7EFFD2C-5438-40AD-9F23-983DAFED544C}.Release|x86.ActiveCfg = Release|Any CPU
		{D7EFFD2C-5438-40AD-9F23-983DAFED544C}.Release|x86.Build.0 = Release|Any CPU
		{A90C1FF7-0F48-473E-94B5-A40C1DA984ED}.Debug|Any CPU.ActiveCfg = Debug|Any CPU
		{A90C1FF7-0F48-473E-94B5-A40C1DA984ED}.Debug|Any CPU.Build.0 = Debug|Any CPU
		{A90C1FF7-0F48-473E-94B5-A40C1DA984ED}.Debug|x64.ActiveCfg = Debug|Any CPU
		{A90C1FF7-0F48-473E-94B5-A40C1DA984ED}.Debug|x64.Build.0 = Debug|Any CPU
		{A90C1FF7-0F48-473E-94B5-A40C1DA984ED}.Debug|x86.ActiveCfg = Debug|Any CPU
		{A90C1FF7-0F48-473E-94B5-A40C1DA984ED}.Debug|x86.Build.0 = Debug|Any CPU
		{A90C1FF7-0F48-473E-94B5-A40C1DA984ED}.Release|Any CPU.ActiveCfg = Release|Any CPU
		{A90C1FF7-0F48-473E-94B5-A40C1DA984ED}.Release|Any CPU.Build.0 = Release|Any CPU
		{A90C1FF7-0F48-473E-94B5-A40C1DA984ED}.Release|x64.ActiveCfg = Release|Any CPU
		{A90C1FF7-0F48-473E-94B5-A40C1DA984ED}.Release|x64.Build.0 = Release|Any CPU
		{A90C1FF7-0F48-473E-94B5-A40C1DA984ED}.Release|x86.ActiveCfg = Release|Any CPU
		{A90C1FF7-0F48-473E-94B5-A40C1DA984ED}.Release|x86.Build.0 = Release|Any CPU
		{266CB8ED-7E91-484A-BB0D-2CF5CF1D4573}.Debug|Any CPU.ActiveCfg = Debug|Any CPU
		{266CB8ED-7E91-484A-BB0D-2CF5CF1D4573}.Debug|Any CPU.Build.0 = Debug|Any CPU
		{266CB8ED-7E91-484A-BB0D-2CF5CF1D4573}.Debug|x64.ActiveCfg = Debug|Any CPU
		{266CB8ED-7E91-484A-BB0D-2CF5CF1D4573}.Debug|x64.Build.0 = Debug|Any CPU
		{266CB8ED-7E91-484A-BB0D-2CF5CF1D4573}.Debug|x86.ActiveCfg = Debug|Any CPU
		{266CB8ED-7E91-484A-BB0D-2CF5CF1D4573}.Debug|x86.Build.0 = Debug|Any CPU
		{266CB8ED-7E91-484A-BB0D-2CF5CF1D4573}.Release|Any CPU.ActiveCfg = Release|Any CPU
		{266CB8ED-7E91-484A-BB0D-2CF5CF1D4573}.Release|Any CPU.Build.0 = Release|Any CPU
		{266CB8ED-7E91-484A-BB0D-2CF5CF1D4573}.Release|x64.ActiveCfg = Release|Any CPU
		{266CB8ED-7E91-484A-BB0D-2CF5CF1D4573}.Release|x64.Build.0 = Release|Any CPU
		{266CB8ED-7E91-484A-BB0D-2CF5CF1D4573}.Release|x86.ActiveCfg = Release|Any CPU
		{266CB8ED-7E91-484A-BB0D-2CF5CF1D4573}.Release|x86.Build.0 = Release|Any CPU
	EndGlobalSection
	GlobalSection(NestedProjects) = preSolution
		{1148EED9-0FCD-4329-BC22-2FE4E86151A9} = {79C33C60-D530-4ECB-8355-E99B5B2439D8}
		{9C066754-0A57-41E9-B61A-30760BA10F30} = {1148EED9-0FCD-4329-BC22-2FE4E86151A9}
		{266CB8ED-7E91-484A-BB0D-2CF5CF1D4573} = {1148EED9-0FCD-4329-BC22-2FE4E86151A9}
	EndGlobalSection
EndGlobal
